// !$*UTF8*$!
{
	archiveVersion = 1;
	classes = {
	};
	objectVersion = 55;
	objects = {

/* Begin PBXBuildFile section */
		02534706D12A0DA53145CAAC /* Pods_LOM_iOS.framework in Frameworks */ = {isa = PBXBuildFile; fileRef = 38BA6CC16FEBF121FA54A169 /* Pods_LOM_iOS.framework */; };
		15B7CC6C273F866D006D34E9 /* AppDelegate.swift in Sources */ = {isa = PBXBuildFile; fileRef = 15B7CC6B273F866D006D34E9 /* AppDelegate.swift */; };
		15B7CC6E273F866D006D34E9 /* SceneDelegate.swift in Sources */ = {isa = PBXBuildFile; fileRef = 15B7CC6D273F866D006D34E9 /* SceneDelegate.swift */; };
		15B7CC73273F866D006D34E9 /* Main.storyboard in Resources */ = {isa = PBXBuildFile; fileRef = 15B7CC71273F866D006D34E9 /* Main.storyboard */; };
		15B7CC75273F866F006D34E9 /* Assets.xcassets in Resources */ = {isa = PBXBuildFile; fileRef = 15B7CC74273F866F006D34E9 /* Assets.xcassets */; };
		15B7CC78273F866F006D34E9 /* LaunchScreen.storyboard in Resources */ = {isa = PBXBuildFile; fileRef = 15B7CC76273F866F006D34E9 /* LaunchScreen.storyboard */; };
		15B7CC84273F91C0006D34E9 /* Home.storyboard in Resources */ = {isa = PBXBuildFile; fileRef = 15B7CC83273F91C0006D34E9 /* Home.storyboard */; };
		15B7CC86273F91E8006D34E9 /* HomeVC.swift in Sources */ = {isa = PBXBuildFile; fileRef = 15B7CC85273F91E8006D34E9 /* HomeVC.swift */; };
		15B7CC88273F923A006D34E9 /* Detail.storyboard in Resources */ = {isa = PBXBuildFile; fileRef = 15B7CC87273F923A006D34E9 /* Detail.storyboard */; };
		15B7CC8A273F9241006D34E9 /* DetailVC.swift in Sources */ = {isa = PBXBuildFile; fileRef = 15B7CC89273F9241006D34E9 /* DetailVC.swift */; };
		15B7CC90273F98A2006D34E9 /* HomeBestTVC.swift in Sources */ = {isa = PBXBuildFile; fileRef = 15B7CC8E273F98A2006D34E9 /* HomeBestTVC.swift */; };
		15B7CC91273F98A2006D34E9 /* HomeBestTVC.xib in Resources */ = {isa = PBXBuildFile; fileRef = 15B7CC8F273F98A2006D34E9 /* HomeBestTVC.xib */; };
		15B7CC94273F98C8006D34E9 /* HomeBannerCVC.swift in Sources */ = {isa = PBXBuildFile; fileRef = 15B7CC92273F98C7006D34E9 /* HomeBannerCVC.swift */; };
		15B7CC95273F98C8006D34E9 /* HomeBannerCVC.xib in Resources */ = {isa = PBXBuildFile; fileRef = 15B7CC93273F98C8006D34E9 /* HomeBannerCVC.xib */; };
		15B7CC98273F98EA006D34E9 /* DetailReviewTVC.swift in Sources */ = {isa = PBXBuildFile; fileRef = 15B7CC96273F98EA006D34E9 /* DetailReviewTVC.swift */; };
		15B7CC99273F98EA006D34E9 /* DetailReviewTVC.xib in Resources */ = {isa = PBXBuildFile; fileRef = 15B7CC97273F98EA006D34E9 /* DetailReviewTVC.xib */; };
		15B7CC9F274037BD006D34E9 /* UIColor +.swift in Sources */ = {isa = PBXBuildFile; fileRef = 15B7CC9E274037BD006D34E9 /* UIColor +.swift */; };
		15B7CCA227403E7D006D34E9 /* Const.swift in Sources */ = {isa = PBXBuildFile; fileRef = 15B7CCA127403E7D006D34E9 /* Const.swift */; };
		15B7CCA427403EAA006D34E9 /* Image.swift in Sources */ = {isa = PBXBuildFile; fileRef = 15B7CCA327403EAA006D34E9 /* Image.swift */; };
		15B7CCA92742454A006D34E9 /* Seawater.storyboard in Resources */ = {isa = PBXBuildFile; fileRef = 15B7CCA82742454A006D34E9 /* Seawater.storyboard */; };
		15B7CCAB2742458F006D34E9 /* SeawaterHomeVC.swift in Sources */ = {isa = PBXBuildFile; fileRef = 15B7CCAA2742458F006D34E9 /* SeawaterHomeVC.swift */; };
		15B7CCAD2742459B006D34E9 /* SeawaterDetailVC.swift in Sources */ = {isa = PBXBuildFile; fileRef = 15B7CCAC2742459B006D34E9 /* SeawaterDetailVC.swift */; };
		15B7CCB0274245D5006D34E9 /* SeawaterHomeBestTVC.swift in Sources */ = {isa = PBXBuildFile; fileRef = 15B7CCAF274245D5006D34E9 /* SeawaterHomeBestTVC.swift */; };
		15B7CCB2274245EB006D34E9 /* SeawaterDetailReviewTVC.swift in Sources */ = {isa = PBXBuildFile; fileRef = 15B7CCB1274245EB006D34E9 /* SeawaterDetailReviewTVC.swift */; };
		15B7CCB4274245FE006D34E9 /* SeawaterHomeBannerCVC.swift in Sources */ = {isa = PBXBuildFile; fileRef = 15B7CCB3274245FE006D34E9 /* SeawaterHomeBannerCVC.swift */; };
		15B7CCB82742B9E9006D34E9 /* SeawaterHomeTVC.swift in Sources */ = {isa = PBXBuildFile; fileRef = 15B7CCB72742B9E9006D34E9 /* SeawaterHomeTVC.swift */; };
		15B7CCBA2742BCE9006D34E9 /* SeawaterHomeBannerTVC.swift in Sources */ = {isa = PBXBuildFile; fileRef = 15B7CCB92742BCE9006D34E9 /* SeawaterHomeBannerTVC.swift */; };
		15B7CCC02742D01C006D34E9 /* SeawaterHomeTodayBookTVC.swift in Sources */ = {isa = PBXBuildFile; fileRef = 15B7CCBF2742D01C006D34E9 /* SeawaterHomeTodayBookTVC.swift */; };
		15B7CCC227436997006D34E9 /* SeawaterHomeTitleTVC.swift in Sources */ = {isa = PBXBuildFile; fileRef = 15B7CCC127436997006D34E9 /* SeawaterHomeTitleTVC.swift */; };
		9877CEBC2748C8BB00DE4166 /* UIFont +.swift in Sources */ = {isa = PBXBuildFile; fileRef = 9877CEBB2748C8BB00DE4166 /* UIFont +.swift */; };
		9877CEC32748C93000DE4166 /* Lato-Regular.ttf in Resources */ = {isa = PBXBuildFile; fileRef = 9877CEBE2748C93000DE4166 /* Lato-Regular.ttf */; };
		9877CEC42748C93000DE4166 /* NotoSansKR-Medium.otf in Resources */ = {isa = PBXBuildFile; fileRef = 9877CEBF2748C93000DE4166 /* NotoSansKR-Medium.otf */; };
		9877CEC52748C93000DE4166 /* NotoSansKR-Regular.otf in Resources */ = {isa = PBXBuildFile; fileRef = 9877CEC02748C93000DE4166 /* NotoSansKR-Regular.otf */; };
		9877CEC62748C93000DE4166 /* NotoSansKR-Bold.otf in Resources */ = {isa = PBXBuildFile; fileRef = 9877CEC12748C93000DE4166 /* NotoSansKR-Bold.otf */; };
		9877CEC72748C93000DE4166 /* Lato-Bold.ttf in Resources */ = {isa = PBXBuildFile; fileRef = 9877CEC22748C93000DE4166 /* Lato-Bold.ttf */; };
		989365532753D5D600C249BC /* HomeResponseData.swift in Sources */ = {isa = PBXBuildFile; fileRef = 989365522753D5D600C249BC /* HomeResponseData.swift */; };
		989365552753D5E700C249BC /* HomeInfoGetService.swift in Sources */ = {isa = PBXBuildFile; fileRef = 989365542753D5E700C249BC /* HomeInfoGetService.swift */; };
		EB6948362752136F00B0A3DD /* APIConstants.swift in Sources */ = {isa = PBXBuildFile; fileRef = EB6948352752136F00B0A3DD /* APIConstants.swift */; };
		EB69483A2752B2C100B0A3DD /* DetailResponseData.swift in Sources */ = {isa = PBXBuildFile; fileRef = EB6948392752B2C100B0A3DD /* DetailResponseData.swift */; };
		EB69483C2752B30800B0A3DD /* DetailInfoGetService.swift in Sources */ = {isa = PBXBuildFile; fileRef = EB69483B2752B30800B0A3DD /* DetailInfoGetService.swift */; };
		EB69483E2752B32500B0A3DD /* NetworkResult.swift in Sources */ = {isa = PBXBuildFile; fileRef = EB69483D2752B32500B0A3DD /* NetworkResult.swift */; };
		EB6948402752B41F00B0A3DD /* UISegmentedControl +.swift in Sources */ = {isa = PBXBuildFile; fileRef = EB69483F2752B41F00B0A3DD /* UISegmentedControl +.swift */; };
		EB6948442752B43F00B0A3DD /* UIImage +.swift in Sources */ = {isa = PBXBuildFile; fileRef = EB6948432752B43F00B0A3DD /* UIImage +.swift */; };
/* End PBXBuildFile section */

/* Begin PBXFileReference section */
		05A7B393A464559242CCF322 /* Pods-LOM-iOS.debug.xcconfig */ = {isa = PBXFileReference; includeInIndex = 1; lastKnownFileType = text.xcconfig; name = "Pods-LOM-iOS.debug.xcconfig"; path = "Target Support Files/Pods-LOM-iOS/Pods-LOM-iOS.debug.xcconfig"; sourceTree = "<group>"; };
		15B7CC68273F866D006D34E9 /* LOM-iOS.app */ = {isa = PBXFileReference; explicitFileType = wrapper.application; includeInIndex = 0; path = "LOM-iOS.app"; sourceTree = BUILT_PRODUCTS_DIR; };
		15B7CC6B273F866D006D34E9 /* AppDelegate.swift */ = {isa = PBXFileReference; lastKnownFileType = sourcecode.swift; path = AppDelegate.swift; sourceTree = "<group>"; };
		15B7CC6D273F866D006D34E9 /* SceneDelegate.swift */ = {isa = PBXFileReference; lastKnownFileType = sourcecode.swift; path = SceneDelegate.swift; sourceTree = "<group>"; };
		15B7CC72273F866D006D34E9 /* Base */ = {isa = PBXFileReference; lastKnownFileType = file.storyboard; name = Base; path = Base.lproj/Main.storyboard; sourceTree = "<group>"; };
		15B7CC74273F866F006D34E9 /* Assets.xcassets */ = {isa = PBXFileReference; lastKnownFileType = folder.assetcatalog; path = Assets.xcassets; sourceTree = "<group>"; };
		15B7CC77273F866F006D34E9 /* Base */ = {isa = PBXFileReference; lastKnownFileType = file.storyboard; name = Base; path = Base.lproj/LaunchScreen.storyboard; sourceTree = "<group>"; };
		15B7CC79273F866F006D34E9 /* Info.plist */ = {isa = PBXFileReference; lastKnownFileType = text.plist.xml; path = Info.plist; sourceTree = "<group>"; };
		15B7CC83273F91C0006D34E9 /* Home.storyboard */ = {isa = PBXFileReference; lastKnownFileType = file.storyboard; path = Home.storyboard; sourceTree = "<group>"; };
		15B7CC85273F91E8006D34E9 /* HomeVC.swift */ = {isa = PBXFileReference; lastKnownFileType = sourcecode.swift; path = HomeVC.swift; sourceTree = "<group>"; };
		15B7CC87273F923A006D34E9 /* Detail.storyboard */ = {isa = PBXFileReference; lastKnownFileType = file.storyboard; path = Detail.storyboard; sourceTree = "<group>"; };
		15B7CC89273F9241006D34E9 /* DetailVC.swift */ = {isa = PBXFileReference; lastKnownFileType = sourcecode.swift; path = DetailVC.swift; sourceTree = "<group>"; };
		15B7CC8E273F98A2006D34E9 /* HomeBestTVC.swift */ = {isa = PBXFileReference; lastKnownFileType = sourcecode.swift; path = HomeBestTVC.swift; sourceTree = "<group>"; };
		15B7CC8F273F98A2006D34E9 /* HomeBestTVC.xib */ = {isa = PBXFileReference; lastKnownFileType = file.xib; path = HomeBestTVC.xib; sourceTree = "<group>"; };
		15B7CC92273F98C7006D34E9 /* HomeBannerCVC.swift */ = {isa = PBXFileReference; lastKnownFileType = sourcecode.swift; path = HomeBannerCVC.swift; sourceTree = "<group>"; };
		15B7CC93273F98C8006D34E9 /* HomeBannerCVC.xib */ = {isa = PBXFileReference; lastKnownFileType = file.xib; path = HomeBannerCVC.xib; sourceTree = "<group>"; };
		15B7CC96273F98EA006D34E9 /* DetailReviewTVC.swift */ = {isa = PBXFileReference; lastKnownFileType = sourcecode.swift; path = DetailReviewTVC.swift; sourceTree = "<group>"; };
		15B7CC97273F98EA006D34E9 /* DetailReviewTVC.xib */ = {isa = PBXFileReference; lastKnownFileType = file.xib; path = DetailReviewTVC.xib; sourceTree = "<group>"; };
		15B7CC9E274037BD006D34E9 /* UIColor +.swift */ = {isa = PBXFileReference; lastKnownFileType = sourcecode.swift; path = "UIColor +.swift"; sourceTree = "<group>"; };
		15B7CCA127403E7D006D34E9 /* Const.swift */ = {isa = PBXFileReference; lastKnownFileType = sourcecode.swift; path = Const.swift; sourceTree = "<group>"; };
		15B7CCA327403EAA006D34E9 /* Image.swift */ = {isa = PBXFileReference; lastKnownFileType = sourcecode.swift; path = Image.swift; sourceTree = "<group>"; };
		15B7CCA82742454A006D34E9 /* Seawater.storyboard */ = {isa = PBXFileReference; lastKnownFileType = file.storyboard; path = Seawater.storyboard; sourceTree = "<group>"; };
		15B7CCAA2742458F006D34E9 /* SeawaterHomeVC.swift */ = {isa = PBXFileReference; lastKnownFileType = sourcecode.swift; path = SeawaterHomeVC.swift; sourceTree = "<group>"; };
		15B7CCAC2742459B006D34E9 /* SeawaterDetailVC.swift */ = {isa = PBXFileReference; lastKnownFileType = sourcecode.swift; path = SeawaterDetailVC.swift; sourceTree = "<group>"; };
		15B7CCAF274245D5006D34E9 /* SeawaterHomeBestTVC.swift */ = {isa = PBXFileReference; lastKnownFileType = sourcecode.swift; path = SeawaterHomeBestTVC.swift; sourceTree = "<group>"; };
		15B7CCB1274245EB006D34E9 /* SeawaterDetailReviewTVC.swift */ = {isa = PBXFileReference; lastKnownFileType = sourcecode.swift; path = SeawaterDetailReviewTVC.swift; sourceTree = "<group>"; };
		15B7CCB3274245FE006D34E9 /* SeawaterHomeBannerCVC.swift */ = {isa = PBXFileReference; lastKnownFileType = sourcecode.swift; path = SeawaterHomeBannerCVC.swift; sourceTree = "<group>"; };
		15B7CCB72742B9E9006D34E9 /* SeawaterHomeTVC.swift */ = {isa = PBXFileReference; lastKnownFileType = sourcecode.swift; path = SeawaterHomeTVC.swift; sourceTree = "<group>"; };
		15B7CCB92742BCE9006D34E9 /* SeawaterHomeBannerTVC.swift */ = {isa = PBXFileReference; lastKnownFileType = sourcecode.swift; path = SeawaterHomeBannerTVC.swift; sourceTree = "<group>"; };
		15B7CCBF2742D01C006D34E9 /* SeawaterHomeTodayBookTVC.swift */ = {isa = PBXFileReference; lastKnownFileType = sourcecode.swift; path = SeawaterHomeTodayBookTVC.swift; sourceTree = "<group>"; };
		15B7CCC127436997006D34E9 /* SeawaterHomeTitleTVC.swift */ = {isa = PBXFileReference; lastKnownFileType = sourcecode.swift; path = SeawaterHomeTitleTVC.swift; sourceTree = "<group>"; };
		38BA6CC16FEBF121FA54A169 /* Pods_LOM_iOS.framework */ = {isa = PBXFileReference; explicitFileType = wrapper.framework; includeInIndex = 0; path = Pods_LOM_iOS.framework; sourceTree = BUILT_PRODUCTS_DIR; };
		9877CEBB2748C8BB00DE4166 /* UIFont +.swift */ = {isa = PBXFileReference; lastKnownFileType = sourcecode.swift; path = "UIFont +.swift"; sourceTree = "<group>"; };
		9877CEBE2748C93000DE4166 /* Lato-Regular.ttf */ = {isa = PBXFileReference; lastKnownFileType = file; path = "Lato-Regular.ttf"; sourceTree = "<group>"; };
		9877CEBF2748C93000DE4166 /* NotoSansKR-Medium.otf */ = {isa = PBXFileReference; lastKnownFileType = file; path = "NotoSansKR-Medium.otf"; sourceTree = "<group>"; };
		9877CEC02748C93000DE4166 /* NotoSansKR-Regular.otf */ = {isa = PBXFileReference; lastKnownFileType = file; path = "NotoSansKR-Regular.otf"; sourceTree = "<group>"; };
		9877CEC12748C93000DE4166 /* NotoSansKR-Bold.otf */ = {isa = PBXFileReference; lastKnownFileType = file; path = "NotoSansKR-Bold.otf"; sourceTree = "<group>"; };
		9877CEC22748C93000DE4166 /* Lato-Bold.ttf */ = {isa = PBXFileReference; lastKnownFileType = file; path = "Lato-Bold.ttf"; sourceTree = "<group>"; };
		989365522753D5D600C249BC /* HomeResponseData.swift */ = {isa = PBXFileReference; lastKnownFileType = sourcecode.swift; path = HomeResponseData.swift; sourceTree = "<group>"; };
		989365542753D5E700C249BC /* HomeInfoGetService.swift */ = {isa = PBXFileReference; lastKnownFileType = sourcecode.swift; path = HomeInfoGetService.swift; sourceTree = "<group>"; };
		B3A77476930A56A371C15361 /* Pods-LOM-iOS.release.xcconfig */ = {isa = PBXFileReference; includeInIndex = 1; lastKnownFileType = text.xcconfig; name = "Pods-LOM-iOS.release.xcconfig"; path = "Target Support Files/Pods-LOM-iOS/Pods-LOM-iOS.release.xcconfig"; sourceTree = "<group>"; };
		EB6948352752136F00B0A3DD /* APIConstants.swift */ = {isa = PBXFileReference; lastKnownFileType = sourcecode.swift; path = APIConstants.swift; sourceTree = "<group>"; };
		EB6948392752B2C100B0A3DD /* DetailResponseData.swift */ = {isa = PBXFileReference; lastKnownFileType = sourcecode.swift; path = DetailResponseData.swift; sourceTree = "<group>"; };
		EB69483B2752B30800B0A3DD /* DetailInfoGetService.swift */ = {isa = PBXFileReference; lastKnownFileType = sourcecode.swift; path = DetailInfoGetService.swift; sourceTree = "<group>"; };
		EB69483D2752B32500B0A3DD /* NetworkResult.swift */ = {isa = PBXFileReference; lastKnownFileType = sourcecode.swift; path = NetworkResult.swift; sourceTree = "<group>"; };
		EB69483F2752B41F00B0A3DD /* UISegmentedControl +.swift */ = {isa = PBXFileReference; lastKnownFileType = sourcecode.swift; path = "UISegmentedControl +.swift"; sourceTree = "<group>"; };
		EB6948432752B43F00B0A3DD /* UIImage +.swift */ = {isa = PBXFileReference; lastKnownFileType = sourcecode.swift; path = "UIImage +.swift"; sourceTree = "<group>"; };
/* End PBXFileReference section */

/* Begin PBXFrameworksBuildPhase section */
		15B7CC65273F866D006D34E9 /* Frameworks */ = {
			isa = PBXFrameworksBuildPhase;
			buildActionMask = 2147483647;
			files = (
				02534706D12A0DA53145CAAC /* Pods_LOM_iOS.framework in Frameworks */,
			);
			runOnlyForDeploymentPostprocessing = 0;
		};
/* End PBXFrameworksBuildPhase section */

/* Begin PBXGroup section */
		15B7CC5F273F866D006D34E9 = {
			isa = PBXGroup;
			children = (
				15B7CC6A273F866D006D34E9 /* LOM-iOS */,
				15B7CC69273F866D006D34E9 /* Products */,
				4C1F3BE2F5764932DF10D121 /* Pods */,
				A19E394E7918CB63C8B4075C /* Frameworks */,
			);
			sourceTree = "<group>";
		};
		15B7CC69273F866D006D34E9 /* Products */ = {
			isa = PBXGroup;
			children = (
				15B7CC68273F866D006D34E9 /* LOM-iOS.app */,
			);
			name = Products;
			sourceTree = "<group>";
		};
		15B7CC6A273F866D006D34E9 /* LOM-iOS */ = {
			isa = PBXGroup;
			children = (
				15B7CC7F273F9156006D34E9 /* Configuration */,
				15B7CC80273F916D006D34E9 /* Source */,
				15B7CC6B273F866D006D34E9 /* AppDelegate.swift */,
				15B7CC6D273F866D006D34E9 /* SceneDelegate.swift */,
				15B7CC74273F866F006D34E9 /* Assets.xcassets */,
				15B7CC76273F866F006D34E9 /* LaunchScreen.storyboard */,
				15B7CC79273F866F006D34E9 /* Info.plist */,
			);
			path = "LOM-iOS";
			sourceTree = "<group>";
		};
		15B7CC7F273F9156006D34E9 /* Configuration */ = {
			isa = PBXGroup;
			children = (
				9877CEBD2748C8C900DE4166 /* Font */,
				EB6948342752135200B0A3DD /* Network */,
				15B7CCA027403E74006D34E9 /* Constants */,
				15B7CC9D27403799006D34E9 /* Extension */,
			);
			path = Configuration;
			sourceTree = "<group>";
		};
		15B7CC80273F916D006D34E9 /* Source */ = {
			isa = PBXGroup;
			children = (
				15B7CC71273F866D006D34E9 /* Main.storyboard */,
				15B7CC81273F9182006D34E9 /* Home */,
				15B7CC82273F91AF006D34E9 /* Detail */,
				15B7CCA727424527006D34E9 /* Seawater */,
			);
			path = Source;
			sourceTree = "<group>";
		};
		15B7CC81273F9182006D34E9 /* Home */ = {
			isa = PBXGroup;
			children = (
				15B7CC83273F91C0006D34E9 /* Home.storyboard */,
				15B7CC85273F91E8006D34E9 /* HomeVC.swift */,
				15B7CC8B273F9364006D34E9 /* Cell */,
			);
			path = Home;
			sourceTree = "<group>";
		};
		15B7CC82273F91AF006D34E9 /* Detail */ = {
			isa = PBXGroup;
			children = (
				15B7CC87273F923A006D34E9 /* Detail.storyboard */,
				15B7CC89273F9241006D34E9 /* DetailVC.swift */,
				15B7CC8C273F9370006D34E9 /* Cell */,
			);
			path = Detail;
			sourceTree = "<group>";
		};
		15B7CC8B273F9364006D34E9 /* Cell */ = {
			isa = PBXGroup;
			children = (
				15B7CC8E273F98A2006D34E9 /* HomeBestTVC.swift */,
				15B7CC8F273F98A2006D34E9 /* HomeBestTVC.xib */,
				15B7CC92273F98C7006D34E9 /* HomeBannerCVC.swift */,
				15B7CC93273F98C8006D34E9 /* HomeBannerCVC.xib */,
			);
			path = Cell;
			sourceTree = "<group>";
		};
		15B7CC8C273F9370006D34E9 /* Cell */ = {
			isa = PBXGroup;
			children = (
				15B7CC96273F98EA006D34E9 /* DetailReviewTVC.swift */,
				15B7CC97273F98EA006D34E9 /* DetailReviewTVC.xib */,
			);
			path = Cell;
			sourceTree = "<group>";
		};
		15B7CC9D27403799006D34E9 /* Extension */ = {
			isa = PBXGroup;
			children = (
				15B7CC9E274037BD006D34E9 /* UIColor +.swift */,
				9877CEBB2748C8BB00DE4166 /* UIFont +.swift */,
				EB69483F2752B41F00B0A3DD /* UISegmentedControl +.swift */,
				EB6948432752B43F00B0A3DD /* UIImage +.swift */,
			);
			path = Extension;
			sourceTree = "<group>";
		};
		15B7CCA027403E74006D34E9 /* Constants */ = {
			isa = PBXGroup;
			children = (
				15B7CCA127403E7D006D34E9 /* Const.swift */,
				15B7CCA327403EAA006D34E9 /* Image.swift */,
			);
			path = Constants;
			sourceTree = "<group>";
		};
		15B7CCA727424527006D34E9 /* Seawater */ = {
			isa = PBXGroup;
			children = (
				15B7CCA82742454A006D34E9 /* Seawater.storyboard */,
				15B7CCAA2742458F006D34E9 /* SeawaterHomeVC.swift */,
				15B7CCAC2742459B006D34E9 /* SeawaterDetailVC.swift */,
				15B7CCAE274245AA006D34E9 /* Cell */,
			);
			path = Seawater;
			sourceTree = "<group>";
		};
		15B7CCAE274245AA006D34E9 /* Cell */ = {
			isa = PBXGroup;
			children = (
				15B7CCB72742B9E9006D34E9 /* SeawaterHomeTVC.swift */,
				15B7CCB92742BCE9006D34E9 /* SeawaterHomeBannerTVC.swift */,
				15B7CCB3274245FE006D34E9 /* SeawaterHomeBannerCVC.swift */,
				15B7CCC127436997006D34E9 /* SeawaterHomeTitleTVC.swift */,
				15B7CCBF2742D01C006D34E9 /* SeawaterHomeTodayBookTVC.swift */,
				15B7CCAF274245D5006D34E9 /* SeawaterHomeBestTVC.swift */,
				15B7CCB1274245EB006D34E9 /* SeawaterDetailReviewTVC.swift */,
			);
			path = Cell;
			sourceTree = "<group>";
		};
		4C1F3BE2F5764932DF10D121 /* Pods */ = {
			isa = PBXGroup;
			children = (
				05A7B393A464559242CCF322 /* Pods-LOM-iOS.debug.xcconfig */,
				B3A77476930A56A371C15361 /* Pods-LOM-iOS.release.xcconfig */,
			);
			path = Pods;
			sourceTree = "<group>";
		};
		9877CEBD2748C8C900DE4166 /* Font */ = {
			isa = PBXGroup;
			children = (
				9877CEC22748C93000DE4166 /* Lato-Bold.ttf */,
				9877CEBE2748C93000DE4166 /* Lato-Regular.ttf */,
				9877CEC12748C93000DE4166 /* NotoSansKR-Bold.otf */,
				9877CEBF2748C93000DE4166 /* NotoSansKR-Medium.otf */,
				9877CEC02748C93000DE4166 /* NotoSansKR-Regular.otf */,
			);
			path = Font;
			sourceTree = "<group>";
		};
		A19E394E7918CB63C8B4075C /* Frameworks */ = {
			isa = PBXGroup;
			children = (
				38BA6CC16FEBF121FA54A169 /* Pods_LOM_iOS.framework */,
			);
			name = Frameworks;
			sourceTree = "<group>";
		};
		EB6948342752135200B0A3DD /* Network */ = {
			isa = PBXGroup;
			children = (
				EB6948352752136F00B0A3DD /* APIConstants.swift */,
				EB6948392752B2C100B0A3DD /* DetailResponseData.swift */,
				EB69483B2752B30800B0A3DD /* DetailInfoGetService.swift */,
				EB69483D2752B32500B0A3DD /* NetworkResult.swift */,
				989365522753D5D600C249BC /* HomeResponseData.swift */,
				989365542753D5E700C249BC /* HomeInfoGetService.swift */,
			);
			path = Network;
			sourceTree = "<group>";
		};
/* End PBXGroup section */

/* Begin PBXNativeTarget section */
		15B7CC67273F866D006D34E9 /* LOM-iOS */ = {
			isa = PBXNativeTarget;
			buildConfigurationList = 15B7CC7C273F866F006D34E9 /* Build configuration list for PBXNativeTarget "LOM-iOS" */;
			buildPhases = (
				4071A390AB03C59C73C6F688 /* [CP] Check Pods Manifest.lock */,
				15B7CC64273F866D006D34E9 /* Sources */,
				15B7CC65273F866D006D34E9 /* Frameworks */,
				15B7CC66273F866D006D34E9 /* Resources */,
				854E47923F2E06AEC621B0C1 /* [CP] Embed Pods Frameworks */,
			);
			buildRules = (
			);
			dependencies = (
			);
			name = "LOM-iOS";
			productName = "LOM-iOS";
			productReference = 15B7CC68273F866D006D34E9 /* LOM-iOS.app */;
			productType = "com.apple.product-type.application";
		};
/* End PBXNativeTarget section */

/* Begin PBXProject section */
		15B7CC60273F866D006D34E9 /* Project object */ = {
			isa = PBXProject;
			attributes = {
				BuildIndependentTargetsInParallel = 1;
				LastSwiftUpdateCheck = 1310;
				LastUpgradeCheck = 1310;
				TargetAttributes = {
					15B7CC67273F866D006D34E9 = {
						CreatedOnToolsVersion = 13.1;
					};
				};
			};
			buildConfigurationList = 15B7CC63273F866D006D34E9 /* Build configuration list for PBXProject "LOM-iOS" */;
			compatibilityVersion = "Xcode 13.0";
			developmentRegion = en;
			hasScannedForEncodings = 0;
			knownRegions = (
				en,
				Base,
			);
			mainGroup = 15B7CC5F273F866D006D34E9;
			productRefGroup = 15B7CC69273F866D006D34E9 /* Products */;
			projectDirPath = "";
			projectRoot = "";
			targets = (
				15B7CC67273F866D006D34E9 /* LOM-iOS */,
			);
		};
/* End PBXProject section */

/* Begin PBXResourcesBuildPhase section */
		15B7CC66273F866D006D34E9 /* Resources */ = {
			isa = PBXResourcesBuildPhase;
			buildActionMask = 2147483647;
			files = (
				15B7CC91273F98A2006D34E9 /* HomeBestTVC.xib in Resources */,
				15B7CC78273F866F006D34E9 /* LaunchScreen.storyboard in Resources */,
				9877CEC62748C93000DE4166 /* NotoSansKR-Bold.otf in Resources */,
				15B7CC75273F866F006D34E9 /* Assets.xcassets in Resources */,
				15B7CC73273F866D006D34E9 /* Main.storyboard in Resources */,
				15B7CC88273F923A006D34E9 /* Detail.storyboard in Resources */,
				15B7CC95273F98C8006D34E9 /* HomeBannerCVC.xib in Resources */,
				9877CEC72748C93000DE4166 /* Lato-Bold.ttf in Resources */,
				15B7CC99273F98EA006D34E9 /* DetailReviewTVC.xib in Resources */,
				9877CEC32748C93000DE4166 /* Lato-Regular.ttf in Resources */,
				15B7CC84273F91C0006D34E9 /* Home.storyboard in Resources */,
				9877CEC42748C93000DE4166 /* NotoSansKR-Medium.otf in Resources */,
				9877CEC52748C93000DE4166 /* NotoSansKR-Regular.otf in Resources */,
				15B7CCA92742454A006D34E9 /* Seawater.storyboard in Resources */,
			);
			runOnlyForDeploymentPostprocessing = 0;
		};
/* End PBXResourcesBuildPhase section */

/* Begin PBXShellScriptBuildPhase section */
		4071A390AB03C59C73C6F688 /* [CP] Check Pods Manifest.lock */ = {
			isa = PBXShellScriptBuildPhase;
			buildActionMask = 2147483647;
			files = (
			);
			inputFileListPaths = (
			);
			inputPaths = (
				"${PODS_PODFILE_DIR_PATH}/Podfile.lock",
				"${PODS_ROOT}/Manifest.lock",
			);
			name = "[CP] Check Pods Manifest.lock";
			outputFileListPaths = (
			);
			outputPaths = (
				"$(DERIVED_FILE_DIR)/Pods-LOM-iOS-checkManifestLockResult.txt",
			);
			runOnlyForDeploymentPostprocessing = 0;
			shellPath = /bin/sh;
			shellScript = "diff \"${PODS_PODFILE_DIR_PATH}/Podfile.lock\" \"${PODS_ROOT}/Manifest.lock\" > /dev/null\nif [ $? != 0 ] ; then\n    # print error to STDERR\n    echo \"error: The sandbox is not in sync with the Podfile.lock. Run 'pod install' or update your CocoaPods installation.\" >&2\n    exit 1\nfi\n# This output is used by Xcode 'outputs' to avoid re-running this script phase.\necho \"SUCCESS\" > \"${SCRIPT_OUTPUT_FILE_0}\"\n";
			showEnvVarsInLog = 0;
		};
		854E47923F2E06AEC621B0C1 /* [CP] Embed Pods Frameworks */ = {
			isa = PBXShellScriptBuildPhase;
			buildActionMask = 2147483647;
			files = (
			);
			inputFileListPaths = (
				"${PODS_ROOT}/Target Support Files/Pods-LOM-iOS/Pods-LOM-iOS-frameworks-${CONFIGURATION}-input-files.xcfilelist",
			);
			name = "[CP] Embed Pods Frameworks";
			outputFileListPaths = (
				"${PODS_ROOT}/Target Support Files/Pods-LOM-iOS/Pods-LOM-iOS-frameworks-${CONFIGURATION}-output-files.xcfilelist",
			);
			runOnlyForDeploymentPostprocessing = 0;
			shellPath = /bin/sh;
			shellScript = "\"${PODS_ROOT}/Target Support Files/Pods-LOM-iOS/Pods-LOM-iOS-frameworks.sh\"\n";
			showEnvVarsInLog = 0;
		};
/* End PBXShellScriptBuildPhase section */

/* Begin PBXSourcesBuildPhase section */
		15B7CC64273F866D006D34E9 /* Sources */ = {
			isa = PBXSourcesBuildPhase;
			buildActionMask = 2147483647;
			files = (
				15B7CC8A273F9241006D34E9 /* DetailVC.swift in Sources */,
				15B7CC86273F91E8006D34E9 /* HomeVC.swift in Sources */,
				EB6948442752B43F00B0A3DD /* UIImage +.swift in Sources */,
				15B7CCB82742B9E9006D34E9 /* SeawaterHomeTVC.swift in Sources */,
				EB69483A2752B2C100B0A3DD /* DetailResponseData.swift in Sources */,
				15B7CC9F274037BD006D34E9 /* UIColor +.swift in Sources */,
				15B7CC6C273F866D006D34E9 /* AppDelegate.swift in Sources */,
				EB69483C2752B30800B0A3DD /* DetailInfoGetService.swift in Sources */,
				9877CEBC2748C8BB00DE4166 /* UIFont +.swift in Sources */,
				15B7CC98273F98EA006D34E9 /* DetailReviewTVC.swift in Sources */,
				15B7CCAD2742459B006D34E9 /* SeawaterDetailVC.swift in Sources */,
				EB6948402752B41F00B0A3DD /* UISegmentedControl +.swift in Sources */,
				EB6948362752136F00B0A3DD /* APIConstants.swift in Sources */,
				989365552753D5E700C249BC /* HomeInfoGetService.swift in Sources */,
				15B7CCC02742D01C006D34E9 /* SeawaterHomeTodayBookTVC.swift in Sources */,
				15B7CCB0274245D5006D34E9 /* SeawaterHomeBestTVC.swift in Sources */,
				15B7CC94273F98C8006D34E9 /* HomeBannerCVC.swift in Sources */,
				15B7CCAB2742458F006D34E9 /* SeawaterHomeVC.swift in Sources */,
				EB69483E2752B32500B0A3DD /* NetworkResult.swift in Sources */,
				15B7CCC227436997006D34E9 /* SeawaterHomeTitleTVC.swift in Sources */,
				15B7CC90273F98A2006D34E9 /* HomeBestTVC.swift in Sources */,
				15B7CCB2274245EB006D34E9 /* SeawaterDetailReviewTVC.swift in Sources */,
				15B7CC6E273F866D006D34E9 /* SceneDelegate.swift in Sources */,
				15B7CCA227403E7D006D34E9 /* Const.swift in Sources */,
				15B7CCA427403EAA006D34E9 /* Image.swift in Sources */,
				15B7CCB4274245FE006D34E9 /* SeawaterHomeBannerCVC.swift in Sources */,
				989365532753D5D600C249BC /* HomeResponseData.swift in Sources */,
				15B7CCBA2742BCE9006D34E9 /* SeawaterHomeBannerTVC.swift in Sources */,
			);
			runOnlyForDeploymentPostprocessing = 0;
		};
/* End PBXSourcesBuildPhase section */

/* Begin PBXVariantGroup section */
		15B7CC71273F866D006D34E9 /* Main.storyboard */ = {
			isa = PBXVariantGroup;
			children = (
				15B7CC72273F866D006D34E9 /* Base */,
			);
			name = Main.storyboard;
			sourceTree = "<group>";
		};
		15B7CC76273F866F006D34E9 /* LaunchScreen.storyboard */ = {
			isa = PBXVariantGroup;
			children = (
				15B7CC77273F866F006D34E9 /* Base */,
			);
			name = LaunchScreen.storyboard;
			sourceTree = "<group>";
		};
/* End PBXVariantGroup section */

/* Begin XCBuildConfiguration section */
		15B7CC7A273F866F006D34E9 /* Debug */ = {
			isa = XCBuildConfiguration;
			buildSettings = {
				ALWAYS_SEARCH_USER_PATHS = NO;
				CLANG_ANALYZER_NONNULL = YES;
				CLANG_ANALYZER_NUMBER_OBJECT_CONVERSION = YES_AGGRESSIVE;
				CLANG_CXX_LANGUAGE_STANDARD = "gnu++17";
				CLANG_CXX_LIBRARY = "libc++";
				CLANG_ENABLE_MODULES = YES;
				CLANG_ENABLE_OBJC_ARC = YES;
				CLANG_ENABLE_OBJC_WEAK = YES;
				CLANG_WARN_BLOCK_CAPTURE_AUTORELEASING = YES;
				CLANG_WARN_BOOL_CONVERSION = YES;
				CLANG_WARN_COMMA = YES;
				CLANG_WARN_CONSTANT_CONVERSION = YES;
				CLANG_WARN_DEPRECATED_OBJC_IMPLEMENTATIONS = YES;
				CLANG_WARN_DIRECT_OBJC_ISA_USAGE = YES_ERROR;
				CLANG_WARN_DOCUMENTATION_COMMENTS = YES;
				CLANG_WARN_EMPTY_BODY = YES;
				CLANG_WARN_ENUM_CONVERSION = YES;
				CLANG_WARN_INFINITE_RECURSION = YES;
				CLANG_WARN_INT_CONVERSION = YES;
				CLANG_WARN_NON_LITERAL_NULL_CONVERSION = YES;
				CLANG_WARN_OBJC_IMPLICIT_RETAIN_SELF = YES;
				CLANG_WARN_OBJC_LITERAL_CONVERSION = YES;
				CLANG_WARN_OBJC_ROOT_CLASS = YES_ERROR;
				CLANG_WARN_QUOTED_INCLUDE_IN_FRAMEWORK_HEADER = YES;
				CLANG_WARN_RANGE_LOOP_ANALYSIS = YES;
				CLANG_WARN_STRICT_PROTOTYPES = YES;
				CLANG_WARN_SUSPICIOUS_MOVE = YES;
				CLANG_WARN_UNGUARDED_AVAILABILITY = YES_AGGRESSIVE;
				CLANG_WARN_UNREACHABLE_CODE = YES;
				CLANG_WARN__DUPLICATE_METHOD_MATCH = YES;
				COPY_PHASE_STRIP = NO;
				DEBUG_INFORMATION_FORMAT = dwarf;
				ENABLE_STRICT_OBJC_MSGSEND = YES;
				ENABLE_TESTABILITY = YES;
				GCC_C_LANGUAGE_STANDARD = gnu11;
				GCC_DYNAMIC_NO_PIC = NO;
				GCC_NO_COMMON_BLOCKS = YES;
				GCC_OPTIMIZATION_LEVEL = 0;
				GCC_PREPROCESSOR_DEFINITIONS = (
					"DEBUG=1",
					"$(inherited)",
				);
				GCC_WARN_64_TO_32_BIT_CONVERSION = YES;
				GCC_WARN_ABOUT_RETURN_TYPE = YES_ERROR;
				GCC_WARN_UNDECLARED_SELECTOR = YES;
				GCC_WARN_UNINITIALIZED_AUTOS = YES_AGGRESSIVE;
				GCC_WARN_UNUSED_FUNCTION = YES;
				GCC_WARN_UNUSED_VARIABLE = YES;
				IPHONEOS_DEPLOYMENT_TARGET = 15.0;
				MTL_ENABLE_DEBUG_INFO = INCLUDE_SOURCE;
				MTL_FAST_MATH = YES;
				ONLY_ACTIVE_ARCH = YES;
				SDKROOT = iphoneos;
				SWIFT_ACTIVE_COMPILATION_CONDITIONS = DEBUG;
				SWIFT_OPTIMIZATION_LEVEL = "-Onone";
			};
			name = Debug;
		};
		15B7CC7B273F866F006D34E9 /* Release */ = {
			isa = XCBuildConfiguration;
			buildSettings = {
				ALWAYS_SEARCH_USER_PATHS = NO;
				CLANG_ANALYZER_NONNULL = YES;
				CLANG_ANALYZER_NUMBER_OBJECT_CONVERSION = YES_AGGRESSIVE;
				CLANG_CXX_LANGUAGE_STANDARD = "gnu++17";
				CLANG_CXX_LIBRARY = "libc++";
				CLANG_ENABLE_MODULES = YES;
				CLANG_ENABLE_OBJC_ARC = YES;
				CLANG_ENABLE_OBJC_WEAK = YES;
				CLANG_WARN_BLOCK_CAPTURE_AUTORELEASING = YES;
				CLANG_WARN_BOOL_CONVERSION = YES;
				CLANG_WARN_COMMA = YES;
				CLANG_WARN_CONSTANT_CONVERSION = YES;
				CLANG_WARN_DEPRECATED_OBJC_IMPLEMENTATIONS = YES;
				CLANG_WARN_DIRECT_OBJC_ISA_USAGE = YES_ERROR;
				CLANG_WARN_DOCUMENTATION_COMMENTS = YES;
				CLANG_WARN_EMPTY_BODY = YES;
				CLANG_WARN_ENUM_CONVERSION = YES;
				CLANG_WARN_INFINITE_RECURSION = YES;
				CLANG_WARN_INT_CONVERSION = YES;
				CLANG_WARN_NON_LITERAL_NULL_CONVERSION = YES;
				CLANG_WARN_OBJC_IMPLICIT_RETAIN_SELF = YES;
				CLANG_WARN_OBJC_LITERAL_CONVERSION = YES;
				CLANG_WARN_OBJC_ROOT_CLASS = YES_ERROR;
				CLANG_WARN_QUOTED_INCLUDE_IN_FRAMEWORK_HEADER = YES;
				CLANG_WARN_RANGE_LOOP_ANALYSIS = YES;
				CLANG_WARN_STRICT_PROTOTYPES = YES;
				CLANG_WARN_SUSPICIOUS_MOVE = YES;
				CLANG_WARN_UNGUARDED_AVAILABILITY = YES_AGGRESSIVE;
				CLANG_WARN_UNREACHABLE_CODE = YES;
				CLANG_WARN__DUPLICATE_METHOD_MATCH = YES;
				COPY_PHASE_STRIP = NO;
				DEBUG_INFORMATION_FORMAT = "dwarf-with-dsym";
				ENABLE_NS_ASSERTIONS = NO;
				ENABLE_STRICT_OBJC_MSGSEND = YES;
				GCC_C_LANGUAGE_STANDARD = gnu11;
				GCC_NO_COMMON_BLOCKS = YES;
				GCC_WARN_64_TO_32_BIT_CONVERSION = YES;
				GCC_WARN_ABOUT_RETURN_TYPE = YES_ERROR;
				GCC_WARN_UNDECLARED_SELECTOR = YES;
				GCC_WARN_UNINITIALIZED_AUTOS = YES_AGGRESSIVE;
				GCC_WARN_UNUSED_FUNCTION = YES;
				GCC_WARN_UNUSED_VARIABLE = YES;
				IPHONEOS_DEPLOYMENT_TARGET = 15.0;
				MTL_ENABLE_DEBUG_INFO = NO;
				MTL_FAST_MATH = YES;
				SDKROOT = iphoneos;
				SWIFT_COMPILATION_MODE = wholemodule;
				SWIFT_OPTIMIZATION_LEVEL = "-O";
				VALIDATE_PRODUCT = YES;
			};
			name = Release;
		};
		15B7CC7D273F866F006D34E9 /* Debug */ = {
			isa = XCBuildConfiguration;
			baseConfigurationReference = 05A7B393A464559242CCF322 /* Pods-LOM-iOS.debug.xcconfig */;
			buildSettings = {
				ASSETCATALOG_COMPILER_APPICON_NAME = AppIcon;
				ASSETCATALOG_COMPILER_GLOBAL_ACCENT_COLOR_NAME = AccentColor;
				CODE_SIGN_STYLE = Automatic;
				CURRENT_PROJECT_VERSION = 1;
				GENERATE_INFOPLIST_FILE = YES;
				INFOPLIST_FILE = "LOM-iOS/Info.plist";
				INFOPLIST_KEY_UIApplicationSupportsIndirectInputEvents = YES;
				INFOPLIST_KEY_UILaunchStoryboardName = LaunchScreen;
				INFOPLIST_KEY_UIMainStoryboardFile = Main;
				INFOPLIST_KEY_UISupportedInterfaceOrientations_iPad = "UIInterfaceOrientationPortrait UIInterfaceOrientationPortraitUpsideDown UIInterfaceOrientationLandscapeLeft UIInterfaceOrientationLandscapeRight";
				INFOPLIST_KEY_UISupportedInterfaceOrientations_iPhone = "UIInterfaceOrientationPortrait UIInterfaceOrientationLandscapeLeft UIInterfaceOrientationLandscapeRight";
				LD_RUNPATH_SEARCH_PATHS = (
					"$(inherited)",
					"@executable_path/Frameworks",
				);
				MARKETING_VERSION = 1.0;
				PRODUCT_BUNDLE_IDENTIFIER = "kimhyesu.LOM-iOS";
				PRODUCT_NAME = "$(TARGET_NAME)";
				SWIFT_EMIT_LOC_STRINGS = YES;
				SWIFT_VERSION = 5.0;
				TARGETED_DEVICE_FAMILY = "1,2";
			};
			name = Debug;
		};
		15B7CC7E273F866F006D34E9 /* Release */ = {
			isa = XCBuildConfiguration;
			baseConfigurationReference = B3A77476930A56A371C15361 /* Pods-LOM-iOS.release.xcconfig */;
			buildSettings = {
				ASSETCATALOG_COMPILER_APPICON_NAME = AppIcon;
				ASSETCATALOG_COMPILER_GLOBAL_ACCENT_COLOR_NAME = AccentColor;
				CODE_SIGN_STYLE = Automatic;
				CURRENT_PROJECT_VERSION = 1;
				GENERATE_INFOPLIST_FILE = YES;
				INFOPLIST_FILE = "LOM-iOS/Info.plist";
				INFOPLIST_KEY_UIApplicationSupportsIndirectInputEvents = YES;
				INFOPLIST_KEY_UILaunchStoryboardName = LaunchScreen;
				INFOPLIST_KEY_UIMainStoryboardFile = Main;
				INFOPLIST_KEY_UISupportedInterfaceOrientations_iPad = "UIInterfaceOrientationPortrait UIInterfaceOrientationPortraitUpsideDown UIInterfaceOrientationLandscapeLeft UIInterfaceOrientationLandscapeRight";
				INFOPLIST_KEY_UISupportedInterfaceOrientations_iPhone = "UIInterfaceOrientationPortrait UIInterfaceOrientationLandscapeLeft UIInterfaceOrientationLandscapeRight";
				LD_RUNPATH_SEARCH_PATHS = (
					"$(inherited)",
					"@executable_path/Frameworks",
				);
				MARKETING_VERSION = 1.0;
				PRODUCT_BUNDLE_IDENTIFIER = "kimhyesu.LOM-iOS";
				PRODUCT_NAME = "$(TARGET_NAME)";
				SWIFT_EMIT_LOC_STRINGS = YES;
				SWIFT_VERSION = 5.0;
				TARGETED_DEVICE_FAMILY = "1,2";
			};
			name = Release;
		};
/* End XCBuildConfiguration section */

/* Begin XCConfigurationList section */
		15B7CC63273F866D006D34E9 /* Build configuration list for PBXProject "LOM-iOS" */ = {
			isa = XCConfigurationList;
			buildConfigurations = (
				15B7CC7A273F866F006D34E9 /* Debug */,
				15B7CC7B273F866F006D34E9 /* Release */,
			);
			defaultConfigurationIsVisible = 0;
			defaultConfigurationName = Release;
		};
		15B7CC7C273F866F006D34E9 /* Build configuration list for PBXNativeTarget "LOM-iOS" */ = {
			isa = XCConfigurationList;
			buildConfigurations = (
				15B7CC7D273F866F006D34E9 /* Debug */,
				15B7CC7E273F866F006D34E9 /* Release */,
			);
			defaultConfigurationIsVisible = 0;
			defaultConfigurationName = Release;
		};
/* End XCConfigurationList section */
	};
	rootObject = 15B7CC60273F866D006D34E9 /* Project object */;
}
